# This file is automatically @generated by Cargo.
# It is not intended for manual editing.
version = 3

[[package]]
name = "domers-core"
version = "0.1.0"

[[package]]
name = "domers-engine"
version = "0.1.0"

[[package]]
name = "domers-inputs"
version = "0.1.0"

[[package]]
name = "domers-outputs"
version = "0.1.0"
dependencies = [
 "domers-core",
]

[[package]]
name = "domers-server"
version = "0.1.0"

[[package]]
name = "domers-test-support"
version = "0.1.0"

[[package]]
name = "domers-visualizers"
version = "0.1.0"
